# This file is generated by running "yarn install" inside your project.
# Manual changes might be lost - proceed with caution!

__metadata:
  version: 6
  cacheKey: 8

"@cspotcode/source-map-support@npm:^0.8.0":
  version: 0.8.1
  resolution: "@cspotcode/source-map-support@npm:0.8.1"
  dependencies:
    "@jridgewell/trace-mapping": 0.3.9
  checksum: 5718f267085ed8edb3e7ef210137241775e607ee18b77d95aa5bd7514f47f5019aa2d82d96b3bf342ef7aa890a346fa1044532ff7cc3009e7d24fce3ce6200fa
  languageName: node
  linkType: hard

"@dotabod/prisma@workspace:.":
  version: 0.0.0-use.local
  resolution: "@dotabod/prisma@workspace:."
  dependencies:
    "@faker-js/faker": ^8.4.1
    "@prisma/client": 5.12.1
    "@types/node": ^20.12.7
    prisma: 5.12.1
    ts-node: ^10.9.2
  languageName: unknown
  linkType: soft

"@faker-js/faker@npm:^8.4.1":
  version: 8.4.1
  resolution: "@faker-js/faker@npm:8.4.1"
  checksum: d802d531f8929562715adc279cfec763c9a4bc596ec67b0ce43fd0ae61b285d2b0eec6f1f4aa852452a63721a842fe7e81926dce7bd92acca94b01e2a1f55f5a
  languageName: node
  linkType: hard

"@jridgewell/resolve-uri@npm:^3.0.3":
  version: 3.1.1
  resolution: "@jridgewell/resolve-uri@npm:3.1.1"
  checksum: f5b441fe7900eab4f9155b3b93f9800a916257f4e8563afbcd3b5a5337b55e52bd8ae6735453b1b745457d9f6cdb16d74cd6220bbdd98cf153239e13f6cbb653
  languageName: node
  linkType: hard

"@jridgewell/sourcemap-codec@npm:^1.4.10":
  version: 1.4.15
  resolution: "@jridgewell/sourcemap-codec@npm:1.4.15"
  checksum: b881c7e503db3fc7f3c1f35a1dd2655a188cc51a3612d76efc8a6eb74728bef5606e6758ee77423e564092b4a518aba569bbb21c9bac5ab7a35b0c6ae7e344c8
  languageName: node
  linkType: hard

"@jridgewell/trace-mapping@npm:0.3.9":
  version: 0.3.9
  resolution: "@jridgewell/trace-mapping@npm:0.3.9"
  dependencies:
    "@jridgewell/resolve-uri": ^3.0.3
    "@jridgewell/sourcemap-codec": ^1.4.10
  checksum: d89597752fd88d3f3480845691a05a44bd21faac18e2185b6f436c3b0fd0c5a859fbbd9aaa92050c4052caf325ad3e10e2e1d1b64327517471b7d51babc0ddef
  languageName: node
  linkType: hard

"@prisma/client@npm:5.12.1":
  version: 5.12.1
  resolution: "@prisma/client@npm:5.12.1"
  peerDependencies:
    prisma: "*"
  peerDependenciesMeta:
    prisma:
      optional: true
  checksum: fcea460faf6256fdb6e948bad87a6fe881dffdc6e1f83f6a34297d17b289b88982bc19c999acf56a6e9de6edda6c46aefe452a069f0aef2ef083329a30ab5508
  languageName: node
  linkType: hard

"@prisma/debug@npm:5.12.1":
  version: 5.12.1
  resolution: "@prisma/debug@npm:5.12.1"
  checksum: f61e1fafc810959d0ec0f332519cff7937955bba54301f6cf780d4cccfb32e43e7e4bc85b669749a4378fffd20d1ec71780e75b9030fc6b8230948194bfacfd3
  languageName: node
  linkType: hard

"@prisma/engines-version@npm:5.12.0-21.473ed3124229e22d881cb7addf559799debae1ab":
  version: 5.12.0-21.473ed3124229e22d881cb7addf559799debae1ab
  resolution: "@prisma/engines-version@npm:5.12.0-21.473ed3124229e22d881cb7addf559799debae1ab"
  checksum: d227b5eb99932d078b1ffb44aa6049bd88e261b581468a7b881dce16cf32c42dead15c09d07c3af06a7eef4054f3a6cf0d555dd66e3120d445d28ea67935853d
  languageName: node
  linkType: hard

"@prisma/engines@npm:5.12.1":
  version: 5.12.1
  resolution: "@prisma/engines@npm:5.12.1"
  dependencies:
    "@prisma/debug": 5.12.1
    "@prisma/engines-version": 5.12.0-21.473ed3124229e22d881cb7addf559799debae1ab
    "@prisma/fetch-engine": 5.12.1
    "@prisma/get-platform": 5.12.1
  checksum: d216b20c97d2391e1f4411198c0f25e5515bbae2bb4ae7430686983ee53e54ad914365e21407dd02756d4750382ccf35fdb33b50b38db926e6c6466440a41d6c
  languageName: node
  linkType: hard

"@prisma/fetch-engine@npm:5.12.1":
  version: 5.12.1
  resolution: "@prisma/fetch-engine@npm:5.12.1"
  dependencies:
    "@prisma/debug": 5.12.1
    "@prisma/engines-version": 5.12.0-21.473ed3124229e22d881cb7addf559799debae1ab
    "@prisma/get-platform": 5.12.1
  checksum: a1790042581ebaf96504c514dc4d321957ca3636ce61160624f89ee5d2b1691965b2566990749c6df08f6cd02cfd6f7b80646b6fd7fa6f5b883a8a21ab9bf91d
  languageName: node
  linkType: hard

"@prisma/get-platform@npm:5.12.1":
  version: 5.12.1
  resolution: "@prisma/get-platform@npm:5.12.1"
  dependencies:
    "@prisma/debug": 5.12.1
  checksum: 3aa901767e343763a7841ddff7a954cafc20b826ebde26bea142d3615b6f260f5fc70fc6e0b96bcc5c3d1e789ba2f9d1651dd242baaff264f401622c119a356c
  languageName: node
  linkType: hard

"@tsconfig/node10@npm:^1.0.7":
  version: 1.0.9
  resolution: "@tsconfig/node10@npm:1.0.9"
  checksum: a33ae4dc2a621c0678ac8ac4bceb8e512ae75dac65417a2ad9b022d9b5411e863c4c198b6ba9ef659e14b9fb609bbec680841a2e84c1172df7a5ffcf076539df
  languageName: node
  linkType: hard

"@tsconfig/node12@npm:^1.0.7":
  version: 1.0.11
  resolution: "@tsconfig/node12@npm:1.0.11"
  checksum: 5ce29a41b13e7897a58b8e2df11269c5395999e588b9a467386f99d1d26f6c77d1af2719e407621412520ea30517d718d5192a32403b8dfcc163bf33e40a338a
  languageName: node
  linkType: hard

"@tsconfig/node14@npm:^1.0.0":
  version: 1.0.3
  resolution: "@tsconfig/node14@npm:1.0.3"
  checksum: 19275fe80c4c8d0ad0abed6a96dbf00642e88b220b090418609c4376e1cef81bf16237bf170ad1b341452feddb8115d8dd2e5acdfdea1b27422071163dc9ba9d
  languageName: node
  linkType: hard

"@tsconfig/node16@npm:^1.0.2":
  version: 1.0.4
  resolution: "@tsconfig/node16@npm:1.0.4"
  checksum: 202319785901f942a6e1e476b872d421baec20cf09f4b266a1854060efbf78cde16a4d256e8bc949d31e6cd9a90f1e8ef8fb06af96a65e98338a2b6b0de0a0ff
  languageName: node
  linkType: hard

"@types/node@npm:^20.12.7":
  version: 20.12.7
  resolution: "@types/node@npm:20.12.7"
  dependencies:
    undici-types: ~5.26.4
  checksum: 7cc979f7e2ca9a339ec71318c3901b9978555257929ef3666987f3e447123bc6dc92afcc89f6347e09e07d602fde7d51bcddea626c23aa2bb74aeaacfd1e1686
  languageName: node
  linkType: hard

"acorn-walk@npm:^8.1.1":
  version: 8.3.1
  resolution: "acorn-walk@npm:8.3.1"
  checksum: 5c8926ddb5400bc825b6baca782931f9df4ace603ba1a517f5243290fd9cdb089d52877840687b5d5c939591ebc314e2e63721514feaa37c6829c828f2b940ce
  languageName: node
  linkType: hard

"acorn@npm:^8.4.1":
  version: 8.11.2
  resolution: "acorn@npm:8.11.2"
  bin:
    acorn: bin/acorn
  checksum: 818450408684da89423e3daae24e4dc9b68692db8ab49ea4569c7c5abb7a3f23669438bf129cc81dfdada95e1c9b944ee1bfca2c57a05a4dc73834a612fbf6a7
  languageName: node
  linkType: hard

"arg@npm:^4.1.0":
  version: 4.1.3
  resolution: "arg@npm:4.1.3"
  checksum: 544af8dd3f60546d3e4aff084d451b96961d2267d668670199692f8d054f0415d86fc5497d0e641e91546f0aa920e7c29e5250e99fc89f5552a34b5d93b77f43
  languageName: node
  linkType: hard

"create-require@npm:^1.1.0":
  version: 1.1.1
  resolution: "create-require@npm:1.1.1"
  checksum: a9a1503d4390d8b59ad86f4607de7870b39cad43d929813599a23714831e81c520bddf61bcdd1f8e30f05fd3a2b71ae8538e946eb2786dc65c2bbc520f692eff
  languageName: node
  linkType: hard

"diff@npm:^4.0.1":
  version: 4.0.2
  resolution: "diff@npm:4.0.2"
  checksum: f2c09b0ce4e6b301c221addd83bf3f454c0bc00caa3dd837cf6c127d6edf7223aa2bbe3b688feea110b7f262adbfc845b757c44c8a9f8c0c5b15d8fa9ce9d20d
  languageName: node
  linkType: hard

"make-error@npm:^1.1.1":
  version: 1.3.6
  resolution: "make-error@npm:1.3.6"
  checksum: b86e5e0e25f7f777b77fabd8e2cbf15737972869d852a22b7e73c17623928fccb826d8e46b9951501d3f20e51ad74ba8c59ed584f610526a48f8ccf88aaec402
  languageName: node
  linkType: hard

"prisma@npm:5.12.1":
  version: 5.12.1
  resolution: "prisma@npm:5.12.1"
  dependencies:
    "@prisma/engines": 5.12.1
  bin:
    prisma: build/index.js
  checksum: 6f20237779456d61fb908fbba355b3fb64f8c8a6f141bb4800d78b945261f58f3a7e83b2ba1c635dcdef69d6cd3d03400bd4153a253e2c2a2b331bdfd50dd0cd
  languageName: node
  linkType: hard

"ts-node@npm:^10.9.2":
  version: 10.9.2
  resolution: "ts-node@npm:10.9.2"
  dependencies:
    "@cspotcode/source-map-support": ^0.8.0
    "@tsconfig/node10": ^1.0.7
    "@tsconfig/node12": ^1.0.7
    "@tsconfig/node14": ^1.0.0
    "@tsconfig/node16": ^1.0.2
    acorn: ^8.4.1
    acorn-walk: ^8.1.1
    arg: ^4.1.0
    create-require: ^1.1.0
    diff: ^4.0.1
    make-error: ^1.1.1
    v8-compile-cache-lib: ^3.0.1
    yn: 3.1.1
  peerDependencies:
    "@swc/core": ">=1.2.50"
    "@swc/wasm": ">=1.2.50"
    "@types/node": "*"
    typescript: ">=2.7"
  peerDependenciesMeta:
    "@swc/core":
      optional: true
    "@swc/wasm":
      optional: true
  bin:
    ts-node: dist/bin.js
    ts-node-cwd: dist/bin-cwd.js
    ts-node-esm: dist/bin-esm.js
    ts-node-script: dist/bin-script.js
    ts-node-transpile-only: dist/bin-transpile.js
    ts-script: dist/bin-script-deprecated.js
  checksum: fde256c9073969e234526e2cfead42591b9a2aec5222bac154b0de2fa9e4ceb30efcd717ee8bc785a56f3a119bdd5aa27b333d9dbec94ed254bd26f8944c67ac
  languageName: node
  linkType: hard

"undici-types@npm:~5.26.4":
  version: 5.26.5
  resolution: "undici-types@npm:5.26.5"
  checksum: 3192ef6f3fd5df652f2dc1cd782b49d6ff14dc98e5dced492aa8a8c65425227da5da6aafe22523c67f035a272c599bb89cfe803c1db6311e44bed3042fc25487
  languageName: node
  linkType: hard

"v8-compile-cache-lib@npm:^3.0.1":
  version: 3.0.1
  resolution: "v8-compile-cache-lib@npm:3.0.1"
  checksum: 78089ad549e21bcdbfca10c08850022b22024cdcc2da9b168bcf5a73a6ed7bf01a9cebb9eac28e03cd23a684d81e0502797e88f3ccd27a32aeab1cfc44c39da0
  languageName: node
  linkType: hard

"yn@npm:3.1.1":
  version: 3.1.1
  resolution: "yn@npm:3.1.1"
  checksum: 2c487b0e149e746ef48cda9f8bad10fc83693cd69d7f9dcd8be4214e985de33a29c9e24f3c0d6bcf2288427040a8947406ab27f7af67ee9456e6b84854f02dd6
  languageName: node
  linkType: hard
